{
  "name": "yocto-visualization-4web",
  "version": "1.10.63720",
  "lockfileVersion": 3,
  "requires": true,
  "packages": {
    "": {
      "name": "yocto-visualization-4web",
      "version": "1.10.63720",
      "license": "SEE LICENSE IN LICENSE.txt",
      "bin": {
        "app-server": "bin/app-server.js"
      },
      "devDependencies": {
        "@types/node": "^14.14.31",
        "@types/semver": "^7.3.4",
        "esbuild": "^0.8.49",
        "semver": "^7.5.3",
        "typescript": "^4.1.5"
      }
    },
    "node_modules/@types/node": {
      "version": "14.18.52",
      "resolved": "https://registry.npmjs.org/@types/node/-/node-14.18.52.tgz",
      "integrity": "sha512-DGhiXKOHSFVVm+PJD+9Y0ObxXLeG6qwc0HoOn+ooQKeNNu+T2mEJCM5UBDUREKAggl9MHYjb5E71PAmx6MbzIg==",
      "dev": true
    },
    "node_modules/@types/semver": {
      "version": "7.5.0",
      "resolved": "https://registry.npmjs.org/@types/semver/-/semver-7.5.0.tgz",
      "integrity": "sha512-G8hZ6XJiHnuhQKR7ZmysCeJWE08o8T0AXtk5darsCaTVsYZhhgUrq53jizaR2FvsoeCwJhlmwTjkXBY5Pn/ZHw==",
      "dev": true
    },
    "node_modules/esbuild": {
      "version": "0.8.57",
      "resolved": "https://registry.npmjs.org/esbuild/-/esbuild-0.8.57.tgz",
      "integrity": "sha512-j02SFrUwFTRUqiY0Kjplwjm1psuzO1d6AjaXKuOR9hrY0HuPsT6sV42B6myW34h1q4CRy+Y3g4RU/cGJeI/nNA==",
      "dev": true,
      "hasInstallScript": true,
      "bin": {
        "esbuild": "bin/esbuild"
      }
    },
    "node_modules/lru-cache": {
      "version": "6.0.0",
      "resolved": "https://registry.npmjs.org/lru-cache/-/lru-cache-6.0.0.tgz",
      "integrity": "sha512-Jo6dJ04CmSjuznwJSS3pUeWmd/H0ffTlkXXgwZi+eq1UCmqQwCh+eLsYOYCwY991i2Fah4h1BEMCx4qThGbsiA==",
      "dev": true,
      "dependencies": {
        "yallist": "^4.0.0"
      },
      "engines": {
        "node": ">=10"
      }
    },
    "node_modules/semver": {
      "version": "7.5.3",
      "resolved": "https://registry.npmjs.org/semver/-/semver-7.5.3.tgz",
      "integrity": "sha512-QBlUtyVk/5EeHbi7X0fw6liDZc7BBmEaSYn01fMU1OUYbf6GPsbTtd8WmnqbI20SeycoHSeiybkE/q1Q+qlThQ==",
      "dev": true,
      "dependencies": {
        "lru-cache": "^6.0.0"
      },
      "bin": {
        "semver": "bin/semver.js"
      },
      "engines": {
        "node": ">=10"
      }
    },
    "node_modules/typescript": {
      "version": "4.9.5",
      "resolved": "https://registry.npmjs.org/typescript/-/typescript-4.9.5.tgz",
      "integrity": "sha512-1FXk9E2Hm+QzZQ7z+McJiHL4NW1F2EzMu9Nq9i3zAaGqibafqYwCVU6WyWAuyQRRzOlxou8xZSyXLEN8oKj24g==",
      "dev": true,
      "bin": {
        "tsc": "bin/tsc",
        "tsserver": "bin/tsserver"
      },
      "engines": {
        "node": ">=4.2.0"
      }
    },
    "node_modules/yallist": {
      "version": "4.0.0",
      "resolved": "https://registry.npmjs.org/yallist/-/yallist-4.0.0.tgz",
      "integrity": "sha512-3wdGidZyq5PB084XLES5TpOSRA3wjXAlIWMhum2kRcv/41Sn2emQ0dycQW4uZXLejwKvg6EsvbdlVL+FYEct7A==",
      "dev": true
    }
  }
}
